{
  "nodes": {
    "git-mob": {
      "inputs": {
        "nixpkgs": [
          "nixpkgs"
        ]
      },
      "locked": {
        "lastModified": 1712187435,
        "narHash": "sha256-4/VWeMroKtb1LZbYLL+KIwBLuc9qFi5BQQBSYh1pYaw=",
        "owner": "code-supply",
        "repo": "rusty-git-mob",
        "rev": "5ccf81dde4b367235bf3686eb96928860e101cfe",
        "type": "github"
      },
      "original": {
        "owner": "code-supply",
        "repo": "rusty-git-mob",
        "type": "github"
      }
    },
    "home-manager": {
      "inputs": {
        "nixpkgs": [
          "nixpkgs"
        ]
      },
      "locked": {
        "lastModified": 1712093955,
        "narHash": "sha256-94I0sXz6fiVBvUAk2tg6t3UpM5rOImj4JTSTNFbg64s=",
        "owner": "nix-community",
        "repo": "home-manager",
        "rev": "80546b220e95a575c66c213af1b09fe255299438",
        "type": "github"
      },
      "original": {
        "owner": "nix-community",
        "repo": "home-manager",
        "type": "github"
      }
    },
    "nixpkgs": {
      "locked": {
        "lastModified": 1712090461,
        "narHash": "sha256-PAfFp+YEKpkzwz6ruXQMvTa1puO4ySSu2G4Sp/jkCc8=",
        "owner": "NixOS",
        "repo": "nixpkgs",
        "rev": "e976fa8f49c35cf28496301a1ef2aa23ad576b56",
        "type": "github"
      },
      "original": {
        "owner": "NixOS",
        "ref": "nixpkgs-unstable",
        "repo": "nixpkgs",
        "type": "github"
      }
    },
    "root": {
      "inputs": {
        "git-mob": "git-mob",
        "home-manager": "home-manager",
        "nixpkgs": "nixpkgs"
      }
    }
  },
  "root": "root",
  "version": 7
}
