{
  "nodes": {
    "nixpkgs": {
      "locked": {
        "lastModified": 1707665072,
        "narHash": "sha256-yuJHkH1h34fuywiiHyrBM7V8ofm7uFDH+cAl93ARMT4=",
        "owner": "NixOS",
        "repo": "nixpkgs",
        "rev": "2b6f520af093792ed6f8e12f42638d4fb6b1deba",
        "type": "github"
      },
      "original": {
        "owner": "NixOS",
        "ref": "master",
        "repo": "nixpkgs",
        "type": "github"
      }
    },
    "root": {
      "inputs": {
        "nixpkgs": "nixpkgs"
      }
    }
  },
  "root": "root",
  "version": 7
}
