{
  "nodes": {
    "nixpkgs": {
      "locked": {
        "lastModified": 1689512562,
        "narHash": "sha256-ggrkTKaMJ2CngMfJ54lI2+A2lWvGiyRoKff5O/RaeV8=",
        "owner": "NixOS",
        "repo": "nixpkgs",
        "rev": "8060fd3ee694635cc47d287a08d34bc123c4a3f1",
        "type": "github"
      },
      "original": {
        "owner": "NixOS",
        "ref": "master",
        "repo": "nixpkgs",
        "type": "github"
      }
    },
    "nixpkgs_2": {
      "locked": {
        "lastModified": 1689482157,
        "narHash": "sha256-7DmkMNaWoHqIUT6O1HCUyVJSvhhRT5kIClKKSE9hiMU=",
        "owner": "NixOS",
        "repo": "nixpkgs",
        "rev": "a35621603c2d8417ca3f371f0e3bcc66a58f2aad",
        "type": "github"
      },
      "original": {
        "owner": "NixOS",
        "ref": "master",
        "repo": "nixpkgs",
        "type": "github"
      }
    },
    "phoenix-utils": {
      "inputs": {
        "nixpkgs": "nixpkgs_2"
      },
      "locked": {
        "lastModified": 1689980543,
        "narHash": "sha256-CrI4Ttetojc4LLmTsCCHkUJt+3NnNcK26rXu4uD0gaI=",
        "type": "git",
        "url": "file:///home/andrew/workspace/phoenix-utils"
      },
      "original": {
        "type": "git",
        "url": "file:///home/andrew/workspace/phoenix-utils"
      }
    },
    "root": {
      "inputs": {
        "nixpkgs": "nixpkgs",
        "phoenix-utils": "phoenix-utils"
      }
    }
  },
  "root": "root",
  "version": 7
}
